
Microsoft Visual Studio Solution File, Format Version 12.00
# Visual Studio Version 16
VisualStudioVersion = 16.0.29519.87
MinimumVisualStudioVersion = 10.0.40219.1
Project("{9A19103F-16F7-4668-BE54-9A1E7A4F7556}") = "TramVerdeelSysteem", "TramVerdeelSysteem\TramVerdeelSysteem.csproj", "{F8EDEA70-DE55-4618-9F97-5A6D1D82C3F0}"
EndProject
Project("{9A19103F-16F7-4668-BE54-9A1E7A4F7556}") = "Data", "Data\Data.csproj", "{11C83EF8-46EE-4A47-BBCE-D6D93BA85D86}"
EndProject
Project("{9A19103F-16F7-4668-BE54-9A1E7A4F7556}") = "Logic", "Logic\Logic.csproj", "{26FC1E73-76C5-4865-995B-82E1A67A93B0}"
EndProject
Project("{9A19103F-16F7-4668-BE54-9A1E7A4F7556}") = "Model", "Model\Model.csproj", "{43CB43CF-BE28-406D-AFC7-5C2644080212}"
EndProject
Project("{FAE04EC0-301F-11D3-BF4B-00C04F79EFBC}") = "UnitTests", "UnitTests\UnitTests.csproj", "{FD5DBBAF-3CDF-4F04-A9CE-6B9B1C6EC9D0}"
EndProject
Global
	GlobalSection(SolutionConfigurationPlatforms) = preSolution
		Debug|Any CPU = Debug|Any CPU
		Release|Any CPU = Release|Any CPU
	EndGlobalSection
	GlobalSection(ProjectConfigurationPlatforms) = postSolution
		{F8EDEA70-DE55-4618-9F97-5A6D1D82C3F0}.Debug|Any CPU.ActiveCfg = Debug|Any CPU
		{F8EDEA70-DE55-4618-9F97-5A6D1D82C3F0}.Debug|Any CPU.Build.0 = Debug|Any CPU
		{F8EDEA70-DE55-4618-9F97-5A6D1D82C3F0}.Release|Any CPU.ActiveCfg = Release|Any CPU
		{F8EDEA70-DE55-4618-9F97-5A6D1D82C3F0}.Release|Any CPU.Build.0 = Release|Any CPU
		{11C83EF8-46EE-4A47-BBCE-D6D93BA85D86}.Debug|Any CPU.ActiveCfg = Debug|Any CPU
		{11C83EF8-46EE-4A47-BBCE-D6D93BA85D86}.Debug|Any CPU.Build.0 = Debug|Any CPU
		{11C83EF8-46EE-4A47-BBCE-D6D93BA85D86}.Release|Any CPU.ActiveCfg = Release|Any CPU
		{11C83EF8-46EE-4A47-BBCE-D6D93BA85D86}.Release|Any CPU.Build.0 = Release|Any CPU
		{26FC1E73-76C5-4865-995B-82E1A67A93B0}.Debug|Any CPU.ActiveCfg = Debug|Any CPU
		{26FC1E73-76C5-4865-995B-82E1A67A93B0}.Debug|Any CPU.Build.0 = Debug|Any CPU
		{26FC1E73-76C5-4865-995B-82E1A67A93B0}.Release|Any CPU.ActiveCfg = Release|Any CPU
		{26FC1E73-76C5-4865-995B-82E1A67A93B0}.Release|Any CPU.Build.0 = Release|Any CPU
		{43CB43CF-BE28-406D-AFC7-5C2644080212}.Debug|Any CPU.ActiveCfg = Debug|Any CPU
		{43CB43CF-BE28-406D-AFC7-5C2644080212}.Debug|Any CPU.Build.0 = Debug|Any CPU
		{43CB43CF-BE28-406D-AFC7-5C2644080212}.Release|Any CPU.ActiveCfg = Release|Any CPU
		{43CB43CF-BE28-406D-AFC7-5C2644080212}.Release|Any CPU.Build.0 = Release|Any CPU
		{FD5DBBAF-3CDF-4F04-A9CE-6B9B1C6EC9D0}.Debug|Any CPU.ActiveCfg = Debug|Any CPU
		{FD5DBBAF-3CDF-4F04-A9CE-6B9B1C6EC9D0}.Debug|Any CPU.Build.0 = Debug|Any CPU
		{FD5DBBAF-3CDF-4F04-A9CE-6B9B1C6EC9D0}.Release|Any CPU.ActiveCfg = Release|Any CPU
		{FD5DBBAF-3CDF-4F04-A9CE-6B9B1C6EC9D0}.Release|Any CPU.Build.0 = Release|Any CPU
	EndGlobalSection
	GlobalSection(SolutionProperties) = preSolution
		HideSolutionNode = FALSE
	EndGlobalSection
	GlobalSection(ExtensibilityGlobals) = postSolution
		SolutionGuid = {979E7198-F05B-49B2-AA3F-66D844EC3FE7}
	EndGlobalSection
EndGlobal
